// !$*UTF8*$!
{
	archiveVersion = 1;
	classes = {
	};
	objectVersion = 46;
	objects = {

/* Begin PBXBuildFile section */
		267B78061D1EECEE00C54CE8 /* main.m in Sources */ = {isa = PBXBuildFile; fileRef = 267B78051D1EECEE00C54CE8 /* main.m */; };
		267B78091D1EECEE00C54CE8 /* AppDelegate.m in Sources */ = {isa = PBXBuildFile; fileRef = 267B78081D1EECEE00C54CE8 /* AppDelegate.m */; };
		267B780C1D1EECEE00C54CE8 /* ViewController.m in Sources */ = {isa = PBXBuildFile; fileRef = 267B780B1D1EECEE00C54CE8 /* ViewController.m */; };
		267B780F1D1EECEE00C54CE8 /* Main.storyboard in Resources */ = {isa = PBXBuildFile; fileRef = 267B780D1D1EECEE00C54CE8 /* Main.storyboard */; };
		267B78111D1EECEE00C54CE8 /* Assets.xcassets in Resources */ = {isa = PBXBuildFile; fileRef = 267B78101D1EECEE00C54CE8 /* Assets.xcassets */; };
		267B78141D1EECEE00C54CE8 /* LaunchScreen.storyboard in Resources */ = {isa = PBXBuildFile; fileRef = 267B78121D1EECEE00C54CE8 /* LaunchScreen.storyboard */; };
		26C6964F1D1EF044001FE3FB /* HBSplashView.m in Sources */ = {isa = PBXBuildFile; fileRef = 26C6964E1D1EF044001FE3FB /* HBSplashView.m */; };
		26C696521D1EF09B001FE3FB /* HBCircleLayer.m in Sources */ = {isa = PBXBuildFile; fileRef = 26C696511D1EF09B001FE3FB /* HBCircleLayer.m */; };
		26C696551D1EF3F0001FE3FB /* UIColor+HBHexString.m in Sources */ = {isa = PBXBuildFile; fileRef = 26C696541D1EF3F0001FE3FB /* UIColor+HBHexString.m */; };
/* End PBXBuildFile section */

/* Begin PBXFileReference section */
		267B78011D1EECEE00C54CE8 /* HBSplashScreen_Objc.app */ = {isa = PBXFileReference; explicitFileType = wrapper.application; includeInIndex = 0; path = HBSplashScreen_Objc.app; sourceTree = BUILT_PRODUCTS_DIR; };
		267B78051D1EECEE00C54CE8 /* main.m */ = {isa = PBXFileReference; lastKnownFileType = sourcecode.c.objc; path = main.m; sourceTree = "<group>"; };
		267B78071D1EECEE00C54CE8 /* AppDelegate.h */ = {isa = PBXFileReference; lastKnownFileType = sourcecode.c.h; path = AppDelegate.h; sourceTree = "<group>"; };
		267B78081D1EECEE00C54CE8 /* AppDelegate.m */ = {isa = PBXFileReference; lastKnownFileType = sourcecode.c.objc; path = AppDelegate.m; sourceTree = "<group>"; };
		267B780A1D1EECEE00C54CE8 /* ViewController.h */ = {isa = PBXFileReference; lastKnownFileType = sourcecode.c.h; path = ViewController.h; sourceTree = "<group>"; };
		267B780B1D1EECEE00C54CE8 /* ViewController.m */ = {isa = PBXFileReference; lastKnownFileType = sourcecode.c.objc; path = ViewController.m; sourceTree = "<group>"; };
		267B780E1D1EECEE00C54CE8 /* Base */ = {isa = PBXFileReference; lastKnownFileType = file.storyboard; name = Base; path = Base.lproj/Main.storyboard; sourceTree = "<group>"; };
		267B78101D1EECEE00C54CE8 /* Assets.xcassets */ = {isa = PBXFileReference; lastKnownFileType = folder.assetcatalog; path = Assets.xcassets; sourceTree = "<group>"; };
		267B78131D1EECEE00C54CE8 /* Base */ = {isa = PBXFileReference; lastKnownFileType = file.storyboard; name = Base; path = Base.lproj/LaunchScreen.storyboard; sourceTree = "<group>"; };
		267B78151D1EECEE00C54CE8 /* Info.plist */ = {isa = PBXFileReference; lastKnownFileType = text.plist.xml; path = Info.plist; sourceTree = "<group>"; };
		26C6964D1D1EF044001FE3FB /* HBSplashView.h */ = {isa = PBXFileReference; fileEncoding = 4; lastKnownFileType = sourcecode.c.h; path = HBSplashView.h; sourceTree = "<group>"; };
		26C6964E1D1EF044001FE3FB /* HBSplashView.m */ = {isa = PBXFileReference; fileEncoding = 4; lastKnownFileType = sourcecode.c.objc; path = HBSplashView.m; sourceTree = "<group>"; };
		26C696501D1EF09B001FE3FB /* HBCircleLayer.h */ = {isa = PBXFileReference; fileEncoding = 4; lastKnownFileType = sourcecode.c.h; path = HBCircleLayer.h; sourceTree = "<group>"; };
		26C696511D1EF09B001FE3FB /* HBCircleLayer.m */ = {isa = PBXFileReference; fileEncoding = 4; lastKnownFileType = sourcecode.c.objc; path = HBCircleLayer.m; sourceTree = "<group>"; };
		26C696531D1EF3F0001FE3FB /* UIColor+HBHexString.h */ = {isa = PBXFileReference; fileEncoding = 4; lastKnownFileType = sourcecode.c.h; path = "UIColor+HBHexString.h"; sourceTree = "<group>"; };
		26C696541D1EF3F0001FE3FB /* UIColor+HBHexString.m */ = {isa = PBXFileReference; fileEncoding = 4; lastKnownFileType = sourcecode.c.objc; path = "UIColor+HBHexString.m"; sourceTree = "<group>"; };
/* End PBXFileReference section */

/* Begin PBXFrameworksBuildPhase section */
		267B77FE1D1EECEE00C54CE8 /* Frameworks */ = {
			isa = PBXFrameworksBuildPhase;
			buildActionMask = 2147483647;
			files = (
			);
			runOnlyForDeploymentPostprocessing = 0;
		};
/* End PBXFrameworksBuildPhase section */

/* Begin PBXGroup section */
		267B77F81D1EECEE00C54CE8 = {
			isa = PBXGroup;
			children = (
				267B78031D1EECEE00C54CE8 /* HBSplashScreen_Objc */,
				267B78021D1EECEE00C54CE8 /* Products */,
			);
			sourceTree = "<group>";
		};
		267B78021D1EECEE00C54CE8 /* Products */ = {
			isa = PBXGroup;
			children = (
				267B78011D1EECEE00C54CE8 /* HBSplashScreen_Objc.app */,
			);
			name = Products;
			sourceTree = "<group>";
		};
		267B78031D1EECEE00C54CE8 /* HBSplashScreen_Objc */ = {
			isa = PBXGroup;
			children = (
				26C6964A1D1EEFAF001FE3FB /* Common */,
				267B78071D1EECEE00C54CE8 /* AppDelegate.h */,
				267B78081D1EECEE00C54CE8 /* AppDelegate.m */,
				267B780A1D1EECEE00C54CE8 /* ViewController.h */,
				267B780B1D1EECEE00C54CE8 /* ViewController.m */,
				26C6964B1D1EEFB7001FE3FB /* HBSplashView */,
				267B780D1D1EECEE00C54CE8 /* Main.storyboard */,
				267B78101D1EECEE00C54CE8 /* Assets.xcassets */,
				267B78121D1EECEE00C54CE8 /* LaunchScreen.storyboard */,
				267B78151D1EECEE00C54CE8 /* Info.plist */,
				267B78041D1EECEE00C54CE8 /* Supporting Files */,
			);
			path = HBSplashScreen_Objc;
			sourceTree = "<group>";
		};
		267B78041D1EECEE00C54CE8 /* Supporting Files */ = {
			isa = PBXGroup;
			children = (
				267B78051D1EECEE00C54CE8 /* main.m */,
			);
			name = "Supporting Files";
			sourceTree = "<group>";
		};
		26C6964A1D1EEFAF001FE3FB /* Common */ = {
			isa = PBXGroup;
			children = (
				26C696531D1EF3F0001FE3FB /* UIColor+HBHexString.h */,
				26C696541D1EF3F0001FE3FB /* UIColor+HBHexString.m */,
			);
			path = Common;
			sourceTree = "<group>";
		};
		26C6964B1D1EEFB7001FE3FB /* HBSplashView */ = {
			isa = PBXGroup;
			children = (
				26C6964D1D1EF044001FE3FB /* HBSplashView.h */,
				26C6964E1D1EF044001FE3FB /* HBSplashView.m */,
				26C6964C1D1EEFB7001FE3FB /* HBSplashLayer */,
			);
			path = HBSplashView;
			sourceTree = "<group>";
		};
		26C6964C1D1EEFB7001FE3FB /* HBSplashLayer */ = {
			isa = PBXGroup;
			children = (
				26C696501D1EF09B001FE3FB /* HBCircleLayer.h */,
				26C696511D1EF09B001FE3FB /* HBCircleLayer.m */,
			);
			path = HBSplashLayer;
			sourceTree = "<group>";
		};
/* End PBXGroup section */

/* Begin PBXNativeTarget section */
		267B78001D1EECEE00C54CE8 /* HBSplashScreen_Objc */ = {
			isa = PBXNativeTarget;
			buildConfigurationList = 267B78181D1EECEE00C54CE8 /* Build configuration list for PBXNativeTarget "HBSplashScreen_Objc" */;
			buildPhases = (
				267B77FD1D1EECEE00C54CE8 /* Sources */,
				267B77FE1D1EECEE00C54CE8 /* Frameworks */,
				267B77FF1D1EECEE00C54CE8 /* Resources */,
			);
			buildRules = (
			);
			dependencies = (
			);
			name = HBSplashScreen_Objc;
			productName = HBSplashScreen_Objc;
			productReference = 267B78011D1EECEE00C54CE8 /* HBSplashScreen_Objc.app */;
			productType = "com.apple.product-type.application";
		};
/* End PBXNativeTarget section */

/* Begin PBXProject section */
		267B77F91D1EECEE00C54CE8 /* Project object */ = {
			isa = PBXProject;
			attributes = {
				CLASSPREFIX = HB;
				LastUpgradeCheck = 0720;
				ORGANIZATIONNAME = iceWorks;
				TargetAttributes = {
					267B78001D1EECEE00C54CE8 = {
						CreatedOnToolsVersion = 7.2;
						DevelopmentTeam = 9D3J2E978B;
					};
				};
			};
			buildConfigurationList = 267B77FC1D1EECEE00C54CE8 /* Build configuration list for PBXProject "HBSplashScreen_Objc" */;
			compatibilityVersion = "Xcode 3.2";
			developmentRegion = English;
			hasScannedForEncodings = 0;
			knownRegions = (
				en,
				Base,
			);
			mainGroup = 267B77F81D1EECEE00C54CE8;
			productRefGroup = 267B78021D1EECEE00C54CE8 /* Products */;
			projectDirPath = "";
			projectRoot = "";
			targets = (
				267B78001D1EECEE00C54CE8 /* HBSplashScreen_Objc */,
			);
		};
/* End PBXProject section */

/* Begin PBXResourcesBuildPhase section */
		267B77FF1D1EECEE00C54CE8 /* Resources */ = {
			isa = PBXResourcesBuildPhase;
			buildActionMask = 2147483647;
			files = (
				267B78141D1EECEE00C54CE8 /* LaunchScreen.storyboard in Resources */,
				267B78111D1EECEE00C54CE8 /* Assets.xcassets in Resources */,
				267B780F1D1EECEE00C54CE8 /* Main.storyboard in Resources */,
			);
			runOnlyForDeploymentPostprocessing = 0;
		};
/* End PBXResourcesBuildPhase section */

/* Begin PBXSourcesBuildPhase section */
		267B77FD1D1EECEE00C54CE8 /* Sources */ = {
			isa = PBXSourcesBuildPhase;
			buildActionMask = 2147483647;
			files = (
				267B780C1D1EECEE00C54CE8 /* ViewController.m in Sources */,
				26C6964F1D1EF044001FE3FB /* HBSplashView.m in Sources */,
				26C696521D1EF09B001FE3FB /* HBCircleLayer.m in Sources */,
				267B78091D1EECEE00C54CE8 /* AppDelegate.m in Sources */,
				26C696551D1EF3F0001FE3FB /* UIColor+HBHexString.m in Sources */,
				267B78061D1EECEE00C54CE8 /* main.m in Sources */,
			);
			runOnlyForDeploymentPostprocessing = 0;
		};
/* End PBXSourcesBuildPhase section */

/* Begin PBXVariantGroup section */
		267B780D1D1EECEE00C54CE8 /* Main.storyboard */ = {
			isa = PBXVariantGroup;
			children = (
				267B780E1D1EECEE00C54CE8 /* Base */,
			);
			name = Main.storyboard;
			sourceTree = "<group>";
		};
		267B78121D1EECEE00C54CE8 /* LaunchScreen.storyboard */ = {
			isa = PBXVariantGroup;
			children = (
				267B78131D1EECEE00C54CE8 /* Base */,
			);
			name = LaunchScreen.storyboard;
			sourceTree = "<group>";
		};
/* End PBXVariantGroup section */

/* Begin XCBuildConfiguration section */
		267B78161D1EECEE00C54CE8 /* Debug */ = {
			isa = XCBuildConfiguration;
			buildSettings = {
				ALWAYS_SEARCH_USER_PATHS = NO;
				CLANG_CXX_LANGUAGE_STANDARD = "gnu++0x";
				CLANG_CXX_LIBRARY = "libc++";
				CLANG_ENABLE_MODULES = YES;
				CLANG_ENABLE_OBJC_ARC = YES;
				CLANG_WARN_BOOL_CONVERSION = YES;
				CLANG_WARN_CONSTANT_CONVERSION = YES;
				CLANG_WARN_DIRECT_OBJC_ISA_USAGE = YES_ERROR;
				CLANG_WARN_EMPTY_BODY = YES;
				CLANG_WARN_ENUM_CONVERSION = YES;
				CLANG_WARN_INT_CONVERSION = YES;
				CLANG_WARN_OBJC_ROOT_CLASS = YES_ERROR;
				CLANG_WARN_UNREACHABLE_CODE = YES;
				CLANG_WARN__DUPLICATE_METHOD_MATCH = YES;
				"CODE_SIGN_IDENTITY[sdk=iphoneos*]" = "iPhone Developer";
				COPY_PHASE_STRIP = NO;
				DEBUG_INFORMATION_FORMAT = dwarf;
				ENABLE_STRICT_OBJC_MSGSEND = YES;
				ENABLE_TESTABILITY = YES;
				GCC_C_LANGUAGE_STANDARD = gnu99;
				GCC_DYNAMIC_NO_PIC = NO;
				GCC_NO_COMMON_BLOCKS = YES;
				GCC_OPTIMIZATION_LEVEL = 0;
				GCC_PREPROCESSOR_DEFINITIONS = (
					"DEBUG=1",
					"$(inherited)",
				);
				GCC_WARN_64_TO_32_BIT_CONVERSION = YES;
				GCC_WARN_ABOUT_RETURN_TYPE = YES_ERROR;
				GCC_WARN_UNDECLARED_SELECTOR = YES;
				GCC_WARN_UNINITIALIZED_AUTOS = YES_AGGRESSIVE;
				GCC_WARN_UNUSED_FUNCTION = YES;
				GCC_WARN_UNUSED_VARIABLE = YES;
				IPHONEOS_DEPLOYMENT_TARGET = 9.2;
				MTL_ENABLE_DEBUG_INFO = YES;
				ONLY_ACTIVE_ARCH = YES;
				SDKROOT = iphoneos;
			};
			name = Debug;
		};
		267B78171D1EECEE00C54CE8 /* Release */ = {
			isa = XCBuildConfiguration;
			buildSettings = {
				ALWAYS_SEARCH_USER_PATHS = NO;
				CLANG_CXX_LANGUAGE_STANDARD = "gnu++0x";
				CLANG_CXX_LIBRARY = "libc++";
				CLANG_ENABLE_MODULES = YES;
				CLANG_ENABLE_OBJC_ARC = YES;
				CLANG_WARN_BOOL_CONVERSION = YES;
				CLANG_WARN_CONSTANT_CONVERSION = YES;
				CLANG_WARN_DIRECT_OBJC_ISA_USAGE = YES_ERROR;
				CLANG_WARN_EMPTY_BODY = YES;
				CLANG_WARN_ENUM_CONVERSION = YES;
				CLANG_WARN_INT_CONVERSION = YES;
				CLANG_WARN_OBJC_ROOT_CLASS = YES_ERROR;
				CLANG_WARN_UNREACHABLE_CODE = YES;
				CLANG_WARN__DUPLICATE_METHOD_MATCH = YES;
				"CODE_SIGN_IDENTITY[sdk=iphoneos*]" = "iPhone Developer";
				COPY_PHASE_STRIP = NO;
				DEBUG_INFORMATION_FORMAT = "dwarf-with-dsym";
				ENABLE_NS_ASSERTIONS = NO;
				ENABLE_STRICT_OBJC_MSGSEND = YES;
				GCC_C_LANGUAGE_STANDARD = gnu99;
				GCC_NO_COMMON_BLOCKS = YES;
				GCC_WARN_64_TO_32_BIT_CONVERSION = YES;
				GCC_WARN_ABOUT_RETURN_TYPE = YES_ERROR;
				GCC_WARN_UNDECLARED_SELECTOR = YES;
				GCC_WARN_UNINITIALIZED_AUTOS = YES_AGGRESSIVE;
				GCC_WARN_UNUSED_FUNCTION = YES;
				GCC_WARN_UNUSED_VARIABLE = YES;
				IPHONEOS_DEPLOYMENT_TARGET = 9.2;
				MTL_ENABLE_DEBUG_INFO = NO;
				SDKROOT = iphoneos;
				VALIDATE_PRODUCT = YES;
			};
			name = Release;
		};
		267B78191D1EECEE00C54CE8 /* Debug */ = {
			isa = XCBuildConfiguration;
			buildSettings = {
				ASSETCATALOG_COMPILER_APPICON_NAME = AppIcon;
				INFOPLIST_FILE = HBSplashScreen_Objc/Info.plist;
				LD_RUNPATH_SEARCH_PATHS = "$(inherited) @executable_path/Frameworks";
				PRODUCT_BUNDLE_IDENTIFIER = "com.iceworks.HBSplashScreen-Objc";
				PRODUCT_NAME = "$(TARGET_NAME)";
			};
			name = Debug;
		};
		267B781A1D1EECEE00C54CE8 /* Release */ = {
			isa = XCBuildConfiguration;
			buildSettings = {
				ASSETCATALOG_COMPILER_APPICON_NAME = AppIcon;
				INFOPLIST_FILE = HBSplashScreen_Objc/Info.plist;
				LD_RUNPATH_SEARCH_PATHS = "$(inherited) @executable_path/Frameworks";
				PRODUCT_BUNDLE_IDENTIFIER = "com.iceworks.HBSplashScreen-Objc";
				PRODUCT_NAME = "$(TARGET_NAME)";
			};
			name = Release;
		};
/* End XCBuildConfiguration section */

/* Begin XCConfigurationList section */
		267B77FC1D1EECEE00C54CE8 /* Build configuration list for PBXProject "HBSplashScreen_Objc" */ = {
			isa = XCConfigurationList;
			buildConfigurations = (
				267B78161D1EECEE00C54CE8 /* Debug */,
				267B78171D1EECEE00C54CE8 /* Release */,
			);
			defaultConfigurationIsVisible = 0;
			defaultConfigurationName = Release;
		};
		267B78181D1EECEE00C54CE8 /* Build configuration list for PBXNativeTarget "HBSplashScreen_Objc" */ = {
			isa = XCConfigurationList;
			buildConfigurations = (
				267B78191D1EECEE00C54CE8 /* Debug */,
				267B781A1D1EECEE00C54CE8 /* Release */,
			);
			defaultConfigurationIsVisible = 0;
			defaultConfigurationName = Release;
		};
/* End XCConfigurationList section */
	};
	rootObject = 267B77F91D1EECEE00C54CE8 /* Project object */;
}
